// !$*UTF8*$!
{
	archiveVersion = 1;
	classes = {
	};
	objectVersion = 46;
	objects = {

/* Begin PBXBuildFile section */
		AAE5D55D1D05C68C006371D1 /* main.m in Sources */ = {isa = PBXBuildFile; fileRef = AAE5D55C1D05C68C006371D1 /* main.m */; };
		AAE5D56B1D05C68C006371D1 /* LaunchScreen.storyboard in Resources */ = {isa = PBXBuildFile; fileRef = AAE5D5691D05C68C006371D1 /* LaunchScreen.storyboard */; };
		AAE5D5861D05C6E5006371D1 /* FPVViewController.m in Sources */ = {isa = PBXBuildFile; fileRef = AAE5D5751D05C6E5006371D1 /* FPVViewController.m */; };
		AAE5D5871D05C6E5006371D1 /* RegexKitLite.m in Sources */ = {isa = PBXBuildFile; fileRef = AAE5D5781D05C6E5006371D1 /* RegexKitLite.m */; settings = {COMPILER_FLAGS = "-fno-objc-arc"; }; };
		AAE5D5881D05C6E5006371D1 /* UIView+Toast.m in Sources */ = {isa = PBXBuildFile; fileRef = AAE5D57A1D05C6E5006371D1 /* UIView+Toast.m */; };
		AAE5D5891D05C6E5006371D1 /* YYFPSLabel.m in Sources */ = {isa = PBXBuildFile; fileRef = AAE5D57C1D05C6E5006371D1 /* YYFPSLabel.m */; };
		AAE5D58A1D05C6E5006371D1 /* FPVAccountModel.m in Sources */ = {isa = PBXBuildFile; fileRef = AAE5D57F1D05C6E5006371D1 /* FPVAccountModel.m */; };
		AAE5D58B1D05C6E5006371D1 /* FPVNetWork.m in Sources */ = {isa = PBXBuildFile; fileRef = AAE5D5821D05C6E5006371D1 /* FPVNetWork.m */; };
		AAE5D58C1D05C6E5006371D1 /* AppDelegate.m in Sources */ = {isa = PBXBuildFile; fileRef = AAE5D5851D05C6E5006371D1 /* AppDelegate.m */; };
		AAE5D58E1D05C790006371D1 /* libicucore.tbd in Frameworks */ = {isa = PBXBuildFile; fileRef = AAE5D58D1D05C790006371D1 /* libicucore.tbd */; };
		AAE5D5901D05C810006371D1 /* Assets.xcassets in Resources */ = {isa = PBXBuildFile; fileRef = AAE5D58F1D05C810006371D1 /* Assets.xcassets */; };
/* End PBXBuildFile section */

/* Begin PBXFileReference section */
		AAE5D5581D05C68B006371D1 /* VpnExample.app */ = {isa = PBXFileReference; explicitFileType = wrapper.application; includeInIndex = 0; path = VpnExample.app; sourceTree = BUILT_PRODUCTS_DIR; };
		AAE5D55C1D05C68C006371D1 /* main.m */ = {isa = PBXFileReference; lastKnownFileType = sourcecode.c.objc; path = main.m; sourceTree = "<group>"; };
		AAE5D56A1D05C68C006371D1 /* Base */ = {isa = PBXFileReference; lastKnownFileType = file.storyboard; name = Base; path = Base.lproj/LaunchScreen.storyboard; sourceTree = "<group>"; };
		AAE5D56C1D05C68C006371D1 /* Info.plist */ = {isa = PBXFileReference; lastKnownFileType = text.plist.xml; path = Info.plist; sourceTree = "<group>"; };
		AAE5D5741D05C6E5006371D1 /* FPVViewController.h */ = {isa = PBXFileReference; fileEncoding = 4; lastKnownFileType = sourcecode.c.h; path = FPVViewController.h; sourceTree = "<group>"; };
		AAE5D5751D05C6E5006371D1 /* FPVViewController.m */ = {isa = PBXFileReference; fileEncoding = 4; lastKnownFileType = sourcecode.c.objc; path = FPVViewController.m; sourceTree = "<group>"; };
		AAE5D5771D05C6E5006371D1 /* RegexKitLite.h */ = {isa = PBXFileReference; fileEncoding = 4; lastKnownFileType = sourcecode.c.h; path = RegexKitLite.h; sourceTree = "<group>"; };
		AAE5D5781D05C6E5006371D1 /* RegexKitLite.m */ = {isa = PBXFileReference; fileEncoding = 4; lastKnownFileType = sourcecode.c.objc; path = RegexKitLite.m; sourceTree = "<group>"; };
		AAE5D5791D05C6E5006371D1 /* UIView+Toast.h */ = {isa = PBXFileReference; fileEncoding = 4; lastKnownFileType = sourcecode.c.h; path = "UIView+Toast.h"; sourceTree = "<group>"; };
		AAE5D57A1D05C6E5006371D1 /* UIView+Toast.m */ = {isa = PBXFileReference; fileEncoding = 4; lastKnownFileType = sourcecode.c.objc; path = "UIView+Toast.m"; sourceTree = "<group>"; };
		AAE5D57B1D05C6E5006371D1 /* YYFPSLabel.h */ = {isa = PBXFileReference; fileEncoding = 4; lastKnownFileType = sourcecode.c.h; path = YYFPSLabel.h; sourceTree = "<group>"; };
		AAE5D57C1D05C6E5006371D1 /* YYFPSLabel.m */ = {isa = PBXFileReference; fileEncoding = 4; lastKnownFileType = sourcecode.c.objc; path = YYFPSLabel.m; sourceTree = "<group>"; };
		AAE5D57E1D05C6E5006371D1 /* FPVAccountModel.h */ = {isa = PBXFileReference; fileEncoding = 4; lastKnownFileType = sourcecode.c.h; path = FPVAccountModel.h; sourceTree = "<group>"; };
		AAE5D57F1D05C6E5006371D1 /* FPVAccountModel.m */ = {isa = PBXFileReference; fileEncoding = 4; lastKnownFileType = sourcecode.c.objc; path = FPVAccountModel.m; sourceTree = "<group>"; };
		AAE5D5811D05C6E5006371D1 /* FPVNetWork.h */ = {isa = PBXFileReference; fileEncoding = 4; lastKnownFileType = sourcecode.c.h; path = FPVNetWork.h; sourceTree = "<group>"; };
		AAE5D5821D05C6E5006371D1 /* FPVNetWork.m */ = {isa = PBXFileReference; fileEncoding = 4; lastKnownFileType = sourcecode.c.objc; path = FPVNetWork.m; sourceTree = "<group>"; };
		AAE5D5841D05C6E5006371D1 /* AppDelegate.h */ = {isa = PBXFileReference; fileEncoding = 4; lastKnownFileType = sourcecode.c.h; path = AppDelegate.h; sourceTree = "<group>"; };
		AAE5D5851D05C6E5006371D1 /* AppDelegate.m */ = {isa = PBXFileReference; fileEncoding = 4; lastKnownFileType = sourcecode.c.objc; path = AppDelegate.m; sourceTree = "<group>"; };
		AAE5D58D1D05C790006371D1 /* libicucore.tbd */ = {isa = PBXFileReference; lastKnownFileType = "sourcecode.text-based-dylib-definition"; name = libicucore.tbd; path = usr/lib/libicucore.tbd; sourceTree = SDKROOT; };
		AAE5D58F1D05C810006371D1 /* Assets.xcassets */ = {isa = PBXFileReference; lastKnownFileType = folder.assetcatalog; path = Assets.xcassets; sourceTree = "<group>"; };
/* End PBXFileReference section */

/* Begin PBXFrameworksBuildPhase section */
		AAE5D5551D05C68B006371D1 /* Frameworks */ = {
			isa = PBXFrameworksBuildPhase;
			buildActionMask = 2147483647;
			files = (
				AAE5D58E1D05C790006371D1 /* libicucore.tbd in Frameworks */,
			);
			runOnlyForDeploymentPostprocessing = 0;
		};
/* End PBXFrameworksBuildPhase section */

/* Begin PBXGroup section */
		AAE5D54F1D05C68B006371D1 = {
			isa = PBXGroup;
			children = (
				AAE5D58D1D05C790006371D1 /* libicucore.tbd */,
				AAE5D55A1D05C68B006371D1 /* VpnExample */,
				AAE5D5591D05C68B006371D1 /* Products */,
			);
			sourceTree = "<group>";
		};
		AAE5D5591D05C68B006371D1 /* Products */ = {
			isa = PBXGroup;
			children = (
				AAE5D5581D05C68B006371D1 /* VpnExample.app */,
			);
			name = Products;
			sourceTree = "<group>";
		};
		AAE5D55A1D05C68B006371D1 /* VpnExample */ = {
			isa = PBXGroup;
			children = (
				AAE5D5721D05C6E5006371D1 /* Class */,
				AAE5D5691D05C68C006371D1 /* LaunchScreen.storyboard */,
				AAE5D56C1D05C68C006371D1 /* Info.plist */,
				AAE5D58F1D05C810006371D1 /* Assets.xcassets */,
				AAE5D55B1D05C68C006371D1 /* Supporting Files */,
			);
			path = VpnExample;
			sourceTree = "<group>";
		};
		AAE5D55B1D05C68C006371D1 /* Supporting Files */ = {
			isa = PBXGroup;
			children = (
				AAE5D55C1D05C68C006371D1 /* main.m */,
			);
			name = "Supporting Files";
			sourceTree = "<group>";
		};
		AAE5D5721D05C6E5006371D1 /* Class */ = {
			isa = PBXGroup;
			children = (
				AAE5D5731D05C6E5006371D1 /* Controller */,
				AAE5D5761D05C6E5006371D1 /* Library */,
				AAE5D57D1D05C6E5006371D1 /* Model */,
				AAE5D5801D05C6E5006371D1 /* NetWork */,
				AAE5D5831D05C6E5006371D1 /* Other */,
			);
			path = Class;
			sourceTree = "<group>";
		};
		AAE5D5731D05C6E5006371D1 /* Controller */ = {
			isa = PBXGroup;
			children = (
				AAE5D5741D05C6E5006371D1 /* FPVViewController.h */,
				AAE5D5751D05C6E5006371D1 /* FPVViewController.m */,
			);
			path = Controller;
			sourceTree = "<group>";
		};
		AAE5D5761D05C6E5006371D1 /* Library */ = {
			isa = PBXGroup;
			children = (
				AAE5D5771D05C6E5006371D1 /* RegexKitLite.h */,
				AAE5D5781D05C6E5006371D1 /* RegexKitLite.m */,
				AAE5D5791D05C6E5006371D1 /* UIView+Toast.h */,
				AAE5D57A1D05C6E5006371D1 /* UIView+Toast.m */,
				AAE5D57B1D05C6E5006371D1 /* YYFPSLabel.h */,
				AAE5D57C1D05C6E5006371D1 /* YYFPSLabel.m */,
			);
			path = Library;
			sourceTree = "<group>";
		};
		AAE5D57D1D05C6E5006371D1 /* Model */ = {
			isa = PBXGroup;
			children = (
				AAE5D57E1D05C6E5006371D1 /* FPVAccountModel.h */,
				AAE5D57F1D05C6E5006371D1 /* FPVAccountModel.m */,
			);
			path = Model;
			sourceTree = "<group>";
		};
		AAE5D5801D05C6E5006371D1 /* NetWork */ = {
			isa = PBXGroup;
			children = (
				AAE5D5811D05C6E5006371D1 /* FPVNetWork.h */,
				AAE5D5821D05C6E5006371D1 /* FPVNetWork.m */,
			);
			path = NetWork;
			sourceTree = "<group>";
		};
		AAE5D5831D05C6E5006371D1 /* Other */ = {
			isa = PBXGroup;
			children = (
				AAE5D5841D05C6E5006371D1 /* AppDelegate.h */,
				AAE5D5851D05C6E5006371D1 /* AppDelegate.m */,
			);
			path = Other;
			sourceTree = "<group>";
		};
/* End PBXGroup section */

/* Begin PBXNativeTarget section */
		AAE5D5571D05C68B006371D1 /* VpnExample */ = {
			isa = PBXNativeTarget;
			buildConfigurationList = AAE5D56F1D05C68C006371D1 /* Build configuration list for PBXNativeTarget "VpnExample" */;
			buildPhases = (
				AAE5D5541D05C68B006371D1 /* Sources */,
				AAE5D5551D05C68B006371D1 /* Frameworks */,
				AAE5D5561D05C68B006371D1 /* Resources */,
			);
			buildRules = (
			);
			dependencies = (
			);
			name = VpnExample;
			productName = VpnExample;
			productReference = AAE5D5581D05C68B006371D1 /* VpnExample.app */;
			productType = "com.apple.product-type.application";
		};
/* End PBXNativeTarget section */

/* Begin PBXProject section */
		AAE5D5501D05C68B006371D1 /* Project object */ = {
			isa = PBXProject;
			attributes = {
				LastUpgradeCheck = 0730;
				ORGANIZATIONNAME = iwevon;
				TargetAttributes = {
					AAE5D5571D05C68B006371D1 = {
						CreatedOnToolsVersion = 7.3.1;
					};
				};
			};
			buildConfigurationList = AAE5D5531D05C68B006371D1 /* Build configuration list for PBXProject "VpnExample" */;
			compatibilityVersion = "Xcode 3.2";
			developmentRegion = English;
			hasScannedForEncodings = 0;
			knownRegions = (
				en,
				Base,
			);
			mainGroup = AAE5D54F1D05C68B006371D1;
			productRefGroup = AAE5D5591D05C68B006371D1 /* Products */;
			projectDirPath = "";
			projectRoot = "";
			targets = (
				AAE5D5571D05C68B006371D1 /* VpnExample */,
			);
		};
/* End PBXProject section */

/* Begin PBXResourcesBuildPhase section */
		AAE5D5561D05C68B006371D1 /* Resources */ = {
			isa = PBXResourcesBuildPhase;
			buildActionMask = 2147483647;
			files = (
				AAE5D5901D05C810006371D1 /* Assets.xcassets in Resources */,
				AAE5D56B1D05C68C006371D1 /* LaunchScreen.storyboard in Resources */,
			);
			runOnlyForDeploymentPostprocessing = 0;
		};
/* End PBXResourcesBuildPhase section */

/* Begin PBXSourcesBuildPhase section */
		AAE5D5541D05C68B006371D1 /* Sources */ = {
			isa = PBXSourcesBuildPhase;
			buildActionMask = 2147483647;
			files = (
				AAE5D5881D05C6E5006371D1 /* UIView+Toast.m in Sources */,
				AAE5D5891D05C6E5006371D1 /* YYFPSLabel.m in Sources */,
				AAE5D5871D05C6E5006371D1 /* RegexKitLite.m in Sources */,
				AAE5D58B1D05C6E5006371D1 /* FPVNetWork.m in Sources */,
				AAE5D58C1D05C6E5006371D1 /* AppDelegate.m in Sources */,
				AAE5D55D1D05C68C006371D1 /* main.m in Sources */,
				AAE5D58A1D05C6E5006371D1 /* FPVAccountModel.m in Sources */,
				AAE5D5861D05C6E5006371D1 /* FPVViewController.m in Sources */,
			);
			runOnlyForDeploymentPostprocessing = 0;
		};
/* End PBXSourcesBuildPhase section */

/* Begin PBXVariantGroup section */
		AAE5D5691D05C68C006371D1 /* LaunchScreen.storyboard */ = {
			isa = PBXVariantGroup;
			children = (
				AAE5D56A1D05C68C006371D1 /* Base */,
			);
			name = LaunchScreen.storyboard;
			sourceTree = "<group>";
		};
/* End PBXVariantGroup section */

/* Begin XCBuildConfiguration section */
		AAE5D56D1D05C68C006371D1 /* Debug */ = {
			isa = XCBuildConfiguration;
			buildSettings = {
				ALWAYS_SEARCH_USER_PATHS = NO;
				CLANG_ANALYZER_NONNULL = YES;
				CLANG_CXX_LANGUAGE_STANDARD = "gnu++0x";
				CLANG_CXX_LIBRARY = "libc++";
				CLANG_ENABLE_MODULES = YES;
				CLANG_ENABLE_OBJC_ARC = YES;
				CLANG_WARN_BOOL_CONVERSION = YES;
				CLANG_WARN_CONSTANT_CONVERSION = YES;
				CLANG_WARN_DIRECT_OBJC_ISA_USAGE = YES_ERROR;
				CLANG_WARN_EMPTY_BODY = YES;
				CLANG_WARN_ENUM_CONVERSION = YES;
				CLANG_WARN_INT_CONVERSION = YES;
				CLANG_WARN_OBJC_ROOT_CLASS = YES_ERROR;
				CLANG_WARN_UNREACHABLE_CODE = YES;
				CLANG_WARN__DUPLICATE_METHOD_MATCH = YES;
				"CODE_SIGN_IDENTITY[sdk=iphoneos*]" = "iPhone Developer";
				COPY_PHASE_STRIP = NO;
				DEBUG_INFORMATION_FORMAT = dwarf;
				ENABLE_STRICT_OBJC_MSGSEND = YES;
				ENABLE_TESTABILITY = YES;
				GCC_C_LANGUAGE_STANDARD = gnu99;
				GCC_DYNAMIC_NO_PIC = NO;
				GCC_NO_COMMON_BLOCKS = YES;
				GCC_OPTIMIZATION_LEVEL = 0;
				GCC_PREPROCESSOR_DEFINITIONS = (
					"DEBUG=1",
					"$(inherited)",
				);
				GCC_WARN_64_TO_32_BIT_CONVERSION = YES;
				GCC_WARN_ABOUT_RETURN_TYPE = YES_ERROR;
				GCC_WARN_UNDECLARED_SELECTOR = YES;
				GCC_WARN_UNINITIALIZED_AUTOS = YES_AGGRESSIVE;
				GCC_WARN_UNUSED_FUNCTION = YES;
				GCC_WARN_UNUSED_VARIABLE = YES;
				IPHONEOS_DEPLOYMENT_TARGET = 9.3;
				MTL_ENABLE_DEBUG_INFO = YES;
				ONLY_ACTIVE_ARCH = YES;
				SDKROOT = iphoneos;
				TARGETED_DEVICE_FAMILY = "1,2";
			};
			name = Debug;
		};
		AAE5D56E1D05C68C006371D1 /* Release */ = {
			isa = XCBuildConfiguration;
			buildSettings = {
				ALWAYS_SEARCH_USER_PATHS = NO;
				CLANG_ANALYZER_NONNULL = YES;
				CLANG_CXX_LANGUAGE_STANDARD = "gnu++0x";
				CLANG_CXX_LIBRARY = "libc++";
				CLANG_ENABLE_MODULES = YES;
				CLANG_ENABLE_OBJC_ARC = YES;
				CLANG_WARN_BOOL_CONVERSION = YES;
				CLANG_WARN_CONSTANT_CONVERSION = YES;
				CLANG_WARN_DIRECT_OBJC_ISA_USAGE = YES_ERROR;
				CLANG_WARN_EMPTY_BODY = YES;
				CLANG_WARN_ENUM_CONVERSION = YES;
				CLANG_WARN_INT_CONVERSION = YES;
				CLANG_WARN_OBJC_ROOT_CLASS = YES_ERROR;
				CLANG_WARN_UNREACHABLE_CODE = YES;
				CLANG_WARN__DUPLICATE_METHOD_MATCH = YES;
				"CODE_SIGN_IDENTITY[sdk=iphoneos*]" = "iPhone Developer";
				COPY_PHASE_STRIP = NO;
				DEBUG_INFORMATION_FORMAT = "dwarf-with-dsym";
				ENABLE_NS_ASSERTIONS = NO;
				ENABLE_STRICT_OBJC_MSGSEND = YES;
				GCC_C_LANGUAGE_STANDARD = gnu99;
				GCC_NO_COMMON_BLOCKS = YES;
				GCC_WARN_64_TO_32_BIT_CONVERSION = YES;
				GCC_WARN_ABOUT_RETURN_TYPE = YES_ERROR;
				GCC_WARN_UNDECLARED_SELECTOR = YES;
				GCC_WARN_UNINITIALIZED_AUTOS = YES_AGGRESSIVE;
				GCC_WARN_UNUSED_FUNCTION = YES;
				GCC_WARN_UNUSED_VARIABLE = YES;
				IPHONEOS_DEPLOYMENT_TARGET = 9.3;
				MTL_ENABLE_DEBUG_INFO = NO;
				SDKROOT = iphoneos;
				TARGETED_DEVICE_FAMILY = "1,2";
				VALIDATE_PRODUCT = YES;
			};
			name = Release;
		};
		AAE5D5701D05C68C006371D1 /* Debug */ = {
			isa = XCBuildConfiguration;
			buildSettings = {
				ASSETCATALOG_COMPILER_APPICON_NAME = AppIcon;
				INFOPLIST_FILE = VpnExample/Info.plist;
				LD_RUNPATH_SEARCH_PATHS = "$(inherited) @executable_path/Frameworks";
				PRODUCT_BUNDLE_IDENTIFIER = iwevon.VpnExample;
				PRODUCT_NAME = "$(TARGET_NAME)";
			};
			name = Debug;
		};
		AAE5D5711D05C68C006371D1 /* Release */ = {
			isa = XCBuildConfiguration;
			buildSettings = {
				ASSETCATALOG_COMPILER_APPICON_NAME = AppIcon;
				INFOPLIST_FILE = VpnExample/Info.plist;
				LD_RUNPATH_SEARCH_PATHS = "$(inherited) @executable_path/Frameworks";
				PRODUCT_BUNDLE_IDENTIFIER = iwevon.VpnExample;
				PRODUCT_NAME = "$(TARGET_NAME)";
			};
			name = Release;
		};
/* End XCBuildConfiguration section */

/* Begin XCConfigurationList section */
		AAE5D5531D05C68B006371D1 /* Build configuration list for PBXProject "VpnExample" */ = {
			isa = XCConfigurationList;
			buildConfigurations = (
				AAE5D56D1D05C68C006371D1 /* Debug */,
				AAE5D56E1D05C68C006371D1 /* Release */,
			);
			defaultConfigurationIsVisible = 0;
			defaultConfigurationName = Release;
		};
		AAE5D56F1D05C68C006371D1 /* Build configuration list for PBXNativeTarget "VpnExample" */ = {
			isa = XCConfigurationList;
			buildConfigurations = (
				AAE5D5701D05C68C006371D1 /* Debug */,
				AAE5D5711D05C68C006371D1 /* Release */,
			);
			defaultConfigurationIsVisible = 0;
		};
/* End XCConfigurationList section */
	};
	rootObject = AAE5D5501D05C68B006371D1 /* Project object */;
}
